
Microsoft Visual Studio Solution File, Format Version 12.00
# Visual Studio Version 16
VisualStudioVersion = 16.0.34031.81
MinimumVisualStudioVersion = 10.0.40219.1
Project("{8BC9CEB8-8B4A-11D0-8D11-00A0C91BC942}") = "Arreglos de Aves", "Arreglos de Aves\Arreglos de Aves.vcxproj", "{27F36351-4218-4257-8CAF-4AB75E8F025D}"
EndProject
Global
	GlobalSection(SolutionConfigurationPlatforms) = preSolution
		Debug|x64 = Debug|x64
		Debug|x86 = Debug|x86
		Release|x64 = Release|x64
		Release|x86 = Release|x86
	EndGlobalSection
	GlobalSection(ProjectConfigurationPlatforms) = postSolution
		{27F36351-4218-4257-8CAF-4AB75E8F025D}.Debug|x64.ActiveCfg = Debug|x64
		{27F36351-4218-4257-8CAF-4AB75E8F025D}.Debug|x64.Build.0 = Debug|x64
		{27F36351-4218-4257-8CAF-4AB75E8F025D}.Debug|x86.ActiveCfg = Debug|Win32
		{27F36351-4218-4257-8CAF-4AB75E8F025D}.Debug|x86.Build.0 = Debug|Win32
		{27F36351-4218-4257-8CAF-4AB75E8F025D}.Release|x64.ActiveCfg = Release|x64
		{27F36351-4218-4257-8CAF-4AB75E8F025D}.Release|x64.Build.0 = Release|x64
		{27F36351-4218-4257-8CAF-4AB75E8F025D}.Release|x86.ActiveCfg = Release|Win32
		{27F36351-4218-4257-8CAF-4AB75E8F025D}.Release|x86.Build.0 = Release|Win32
	EndGlobalSection
	GlobalSection(SolutionProperties) = preSolution
		HideSolutionNode = FALSE
	EndGlobalSection
	GlobalSection(ExtensibilityGlobals) = postSolution
		SolutionGuid = {EFA55585-6A04-4B0A-8210-923B0BA9458F}
	EndGlobalSection
EndGlobal
